
Microsoft Visual Studio Solution File, Format Version 12.00
# Visual Studio 2013
VisualStudioVersion = 12.0.31101.0
MinimumVisualStudioVersion = 10.0.40219.1
Project("{FAE04EC0-301F-11D3-BF4B-00C04F79EFBC}") = "Yahtzee", "Yahtzee\Yahtzee.csproj", "{F57AA117-AD33-4BBE-AA16-0534B0A926D4}"
EndProject
Project("{FAE04EC0-301F-11D3-BF4B-00C04F79EFBC}") = "YahtzeeTest", "YahtzeeTest\YahtzeeTest.csproj", "{F178A475-9E86-47D8-AA97-7F78318E0314}"
EndProject
Global
	GlobalSection(SolutionConfigurationPlatforms) = preSolution
		Debug|Any CPU = Debug|Any CPU
		Release|Any CPU = Release|Any CPU
	EndGlobalSection
	GlobalSection(ProjectConfigurationPlatforms) = postSolution
		{F57AA117-AD33-4BBE-AA16-0534B0A926D4}.Debug|Any CPU.ActiveCfg = Debug|Any CPU
		{F57AA117-AD33-4BBE-AA16-0534B0A926D4}.Debug|Any CPU.Build.0 = Debug|Any CPU
		{F57AA117-AD33-4BBE-AA16-0534B0A926D4}.Release|Any CPU.ActiveCfg = Release|Any CPU
		{F57AA117-AD33-4BBE-AA16-0534B0A926D4}.Release|Any CPU.Build.0 = Release|Any CPU
		{F178A475-9E86-47D8-AA97-7F78318E0314}.Debug|Any CPU.ActiveCfg = Debug|Any CPU
		{F178A475-9E86-47D8-AA97-7F78318E0314}.Debug|Any CPU.Build.0 = Debug|Any CPU
		{F178A475-9E86-47D8-AA97-7F78318E0314}.Release|Any CPU.ActiveCfg = Release|Any CPU
		{F178A475-9E86-47D8-AA97-7F78318E0314}.Release|Any CPU.Build.0 = Release|Any CPU
	EndGlobalSection
	GlobalSection(SolutionProperties) = preSolution
		HideSolutionNode = FALSE
	EndGlobalSection
EndGlobal
